
Microsoft Visual Studio Solution File, Format Version 12.00
# Visual Studio 15
VisualStudioVersion = 15.0.26403.3
MinimumVisualStudioVersion = 10.0.40219.1
Project("{FAE04EC0-301F-11D3-BF4B-00C04F79EFBC}") = "Amazon_Alexa_Challenge", "Amazon_Alexa_Challenge\Amazon_Alexa_Challenge.csproj", "{38DCC473-8676-46E6-B7A3-80787BE1AB03}"
EndProject
Project("{FAE04EC0-301F-11D3-BF4B-00C04F79EFBC}") = "System_Design", "System_Design\System_Design.csproj", "{5887D623-E257-41CF-AC5B-B33D69DC9C60}"
EndProject
Global
	GlobalSection(SolutionConfigurationPlatforms) = preSolution
		Debug|Any CPU = Debug|Any CPU
		Release|Any CPU = Release|Any CPU
	EndGlobalSection
	GlobalSection(ProjectConfigurationPlatforms) = postSolution
		{38DCC473-8676-46E6-B7A3-80787BE1AB03}.Debug|Any CPU.ActiveCfg = Debug|Any CPU
		{38DCC473-8676-46E6-B7A3-80787BE1AB03}.Debug|Any CPU.Build.0 = Debug|Any CPU
		{38DCC473-8676-46E6-B7A3-80787BE1AB03}.Release|Any CPU.ActiveCfg = Release|Any CPU
		{38DCC473-8676-46E6-B7A3-80787BE1AB03}.Release|Any CPU.Build.0 = Release|Any CPU
		{5887D623-E257-41CF-AC5B-B33D69DC9C60}.Debug|Any CPU.ActiveCfg = Debug|Any CPU
		{5887D623-E257-41CF-AC5B-B33D69DC9C60}.Debug|Any CPU.Build.0 = Debug|Any CPU
		{5887D623-E257-41CF-AC5B-B33D69DC9C60}.Release|Any CPU.ActiveCfg = Release|Any CPU
		{5887D623-E257-41CF-AC5B-B33D69DC9C60}.Release|Any CPU.Build.0 = Release|Any CPU
	EndGlobalSection
	GlobalSection(SolutionProperties) = preSolution
		HideSolutionNode = FALSE
	EndGlobalSection
EndGlobal
